<?xml version="1.0" encoding="utf-8"?>
<Project ToolsVersion="4.0" xmlns="http://schemas.microsoft.com/developer/msbuild/2003">
  <ItemGroup>
    <Filter Include="소스 파일">
      <UniqueIdentifier>{4FC737F1-C7A5-4376-A066-2A32D752A2FF}</UniqueIdentifier>
      <Extensions>cpp;c;cc;cxx;def;odl;idl;hpj;bat;asm;asmx</Extensions>
    </Filter>
    <Filter Include="헤더 파일">
      <UniqueIdentifier>{93995380-89BD-4b04-88EB-625FBE52EBFB}</UniqueIdentifier>
      <Extensions>h;hh;hpp;hxx;hm;inl;inc;xsd</Extensions>
    </Filter>
    <Filter Include="리소스 파일">
      <UniqueIdentifier>{67DA6AB6-F800-4c08-8B7A-83BB121AAD01}</UniqueIdentifier>
      <Extensions>rc;ico;cur;bmp;dlg;rc2;rct;bin;rgs;gif;jpg;jpeg;jpe;resx;tiff;tif;png;wav;mfcribbon-ms</Extensions>
    </Filter>
    <Filter Include="Scenes">
      <UniqueIdentifier>{31cf2124-fe56-4873-b2a8-3a5ff60df966}</UniqueIdentifier>
    </Filter>
    <Filter Include="CustomClass">
      <UniqueIdentifier>{5a6351b6-99ee-4779-80da-cbad712911ce}</UniqueIdentifier>
    </Filter>
    <Filter Include="소스 파일\Object">
      <UniqueIdentifier>{e49e8f95-789f-4963-a382-1b34590c351b}</UniqueIdentifier>
    </Filter>
    <Filter Include="헤더 파일\Object">
      <UniqueIdentifier>{e5080a7c-b40f-4c52-abba-d79939f785db}</UniqueIdentifier>
    </Filter>
    <Filter Include="GameData">
      <UniqueIdentifier>{ed67f85a-10a6-4396-8e62-88d179e33546}</UniqueIdentifier>
    </Filter>
    <Filter Include="Scenes\Floor1">
      <UniqueIdentifier>{bf701a75-41de-417e-9ef1-9d3dffc68274}</UniqueIdentifier>
    </Filter>
  </ItemGroup>
  <ItemGroup>
    <ClCompile Include="..\Source\winmain.cpp">
      <Filter>소스 파일</Filter>
    </ClCompile>
    <ClCompile Include="..\Source\game.cpp">
      <Filter>소스 파일</Filter>
    </ClCompile>
    <ClCompile Include="..\Source\graphics.cpp">
      <Filter>소스 파일</Filter>
    </ClCompile>
    <ClCompile Include="..\Source\input.cpp">
      <Filter>소스 파일</Filter>
    </ClCompile>
    <ClCompile Include="..\Source\textureManager.cpp">
      <Filter>소스 파일</Filter>
    </ClCompile>
    <ClCompile Include="..\Source\Scenes.cpp">
      <Filter>소스 파일</Filter>
    </ClCompile>
    <ClCompile Include="..\Source\Sounds.cpp">
      <Filter>소스 파일</Filter>
    </ClCompile>
    <ClCompile Include="..\Source\Junk2Dentity.cpp">
      <Filter>소스 파일\Object</Filter>
    </ClCompile>
    <ClCompile Include="..\Source\Junk2DFont.cpp">
      <Filter>소스 파일\Object</Filter>
    </ClCompile>
    <ClCompile Include="..\Source\Junk2DSprite.cpp">
      <Filter>소스 파일\Object</Filter>
    </ClCompile>
    <ClCompile Include="..\Source\ObjectManager.cpp">
      <Filter>소스 파일\Object</Filter>
    </ClCompile>
    <ClCompile Include="..\Headers\Junk2DMap.cpp">
      <Filter>CustomClass</Filter>
    </ClCompile>
    <ClCompile Include="..\Headers\VideoPlay.cpp">
      <Filter>소스 파일</Filter>
    </ClCompile>
    <ClCompile Include="..\Headers\Player.cpp">
      <Filter>CustomClass</Filter>
    </ClCompile>
    <ClCompile Include="..\Scenes\MainScene.cpp">
      <Filter>Scenes\Floor1</Filter>
    </ClCompile>
    <ClCompile Include="..\Scenes\SecondScene.cpp">
      <Filter>Scenes\Floor1</Filter>
    </ClCompile>
    <ClCompile Include="..\Scenes\Room3.cpp">
      <Filter>Scenes\Floor1</Filter>
    </ClCompile>
    <ClCompile Include="..\Scenes\Room4.cpp">
      <Filter>Scenes\Floor1</Filter>
    </ClCompile>
    <ClCompile Include="..\Scenes\Room5.cpp">
      <Filter>Scenes\Floor1</Filter>
    </ClCompile>
    <ClCompile Include="..\Source\ItemSlot.cpp">
      <Filter>CustomClass</Filter>
    </ClCompile>
    <ClCompile Include="Cursor.cpp">
      <Filter>CustomClass</Filter>
    </ClCompile>
  </ItemGroup>
  <ItemGroup>
    <ClInclude Include="..\Headers\input.h">
      <Filter>헤더 파일</Filter>
    </ClInclude>
    <ClInclude Include="..\Headers\game.h">
      <Filter>헤더 파일</Filter>
    </ClInclude>
    <ClInclude Include="..\Headers\gameError.h">
      <Filter>헤더 파일</Filter>
    </ClInclude>
    <ClInclude Include="..\Headers\graphics.h">
      <Filter>헤더 파일</Filter>
    </ClInclude>
    <ClInclude Include="..\Headers\textureManager.h">
      <Filter>헤더 파일</Filter>
    </ClInclude>
    <ClInclude Include="..\Headers\Sounds.h">
      <Filter>헤더 파일</Filter>
    </ClInclude>
    <ClInclude Include="..\Headers\Junk2Dentity.h">
      <Filter>헤더 파일\Object</Filter>
    </ClInclude>
    <ClInclude Include="..\Headers\Junk2DFont.h">
      <Filter>헤더 파일\Object</Filter>
    </ClInclude>
    <ClInclude Include="..\Headers\Junk2DSprite.h">
      <Filter>헤더 파일\Object</Filter>
    </ClInclude>
    <ClInclude Include="..\Headers\ObjectManager.h">
      <Filter>헤더 파일\Object</Filter>
    </ClInclude>
    <ClInclude Include="..\Headers\constants.h">
      <Filter>GameData</Filter>
    </ClInclude>
    <ClInclude Include="..\Headers\Junk2DMap.h">
      <Filter>CustomClass</Filter>
    </ClInclude>
    <ClInclude Include="..\Headers\TextWindow.h">
      <Filter>CustomClass</Filter>
    </ClInclude>
    <ClInclude Include="..\Headers\VideoPlay.h">
      <Filter>소스 파일</Filter>
    </ClInclude>
    <ClInclude Include="..\Headers\Player.h">
      <Filter>CustomClass</Filter>
    </ClInclude>
    <ClInclude Include="..\Scenes\MainScene.h">
      <Filter>Scenes\Floor1</Filter>
    </ClInclude>
    <ClInclude Include="..\Scenes\SecondScene.h">
      <Filter>Scenes\Floor1</Filter>
    </ClInclude>
    <ClInclude Include="..\Scenes\Room3.h">
      <Filter>Scenes\Floor1</Filter>
    </ClInclude>
    <ClInclude Include="..\Scenes\Room4.h">
      <Filter>Scenes\Floor1</Filter>
    </ClInclude>
    <ClInclude Include="..\Scenes\Room5.h">
      <Filter>Scenes\Floor1</Filter>
    </ClInclude>
    <ClInclude Include="..\Scenes\Scenes.h">
      <Filter>Scenes</Filter>
    </ClInclude>
    <ClInclude Include="..\Headers\ItemSlot.h">
      <Filter>CustomClass</Filter>
    </ClInclude>
    <ClInclude Include="..\Headers\Cursor.h">
      <Filter>CustomClass</Filter>
    </ClInclude>
  </ItemGroup>
  <ItemGroup>
    <None Include="ClassDiagram.cd" />
  </ItemGroup>
</Project>